lockfileVersion: 5.4

specifiers:
  enquirer: ^2.3.6
  suppress-experimental-warnings: ^1.1.17

dependencies:
  enquirer: 2.3.6
  suppress-experimental-warnings: 1.1.17

packages:

  /ansi-colors/4.1.3:
    resolution: {integrity: sha512-/6w/C21Pm1A7aZitlI5Ni/2J6FFQN8i1Cvz3kHABAAbw93v/NlvKdVOqz7CCWz/3iv/JplRSEEZ83XION15ovw==}
    engines: {node: '>=6'}
    dev: false

  /enquirer/2.3.6:
    resolution: {integrity: sha512-yjNnPr315/FjS4zIsUxYguYUPP2e1NK4d7E7ZOLiyYCcbFBiTMyID+2wvm2w6+pZ/odMA7cRkjhsPbltwBOrLg==}
    engines: {node: '>=8.6'}
    dependencies:
      ansi-colors: 4.1.3
    dev: false

  /jiti/1.18.2:
    resolution: {integrity: sha512-QAdOptna2NYiSSpv0O/BwoHBSmz4YhpzJHyi+fnMRTXFjp7B8i/YG5Z8IfusxB1ufjcD2Sre1F3R+nX3fvy7gg==}
    hasBin: true
    dev: false

  /suppress-experimental-warnings/1.1.17:
    resolution: {integrity: sha512-n1huqqtVdNSTV04x0lC9gfBsCl6X+RRA10B6VTw8kQjrNbkwkU6DJB/qTbQFjO+ItYT9VbGe3NvuS4XWq5vUEQ==}
    engines: {node: '>=14'}
    dependencies:
      jiti: 1.18.2
    dev: false
